// !$*UTF8*$!
{
	archiveVersion = 1;
	classes = {
	};
	objectVersion = 46;
	objects = {

/* Begin PBXBuildFile section */
		75D7B6671D639B9D00FC9DB8 /* main.m in Sources */ = {isa = PBXBuildFile; fileRef = 75D7B6661D639B9D00FC9DB8 /* main.m */; };
		75D7B66A1D639B9D00FC9DB8 /* AppDelegate.m in Sources */ = {isa = PBXBuildFile; fileRef = 75D7B6691D639B9D00FC9DB8 /* AppDelegate.m */; };
		75D7B66D1D639B9D00FC9DB8 /* ViewController.m in Sources */ = {isa = PBXBuildFile; fileRef = 75D7B66C1D639B9D00FC9DB8 /* ViewController.m */; };
		75D7B6701D639B9D00FC9DB8 /* Main.storyboard in Resources */ = {isa = PBXBuildFile; fileRef = 75D7B66E1D639B9D00FC9DB8 /* Main.storyboard */; };
		75D7B6721D639B9D00FC9DB8 /* Assets.xcassets in Resources */ = {isa = PBXBuildFile; fileRef = 75D7B6711D639B9D00FC9DB8 /* Assets.xcassets */; };
		75D7B6751D639B9D00FC9DB8 /* LaunchScreen.storyboard in Resources */ = {isa = PBXBuildFile; fileRef = 75D7B6731D639B9D00FC9DB8 /* LaunchScreen.storyboard */; };
		75D7B6A31D639C9800FC9DB8 /* TradeItIosAdSdk.framework in Frameworks */ = {isa = PBXBuildFile; fileRef = 75D7B69C1D639C4200FC9DB8 /* TradeItIosAdSdk.framework */; };
		75D7B6A41D639C9800FC9DB8 /* TradeItIosAdSdk.framework in Embed Frameworks */ = {isa = PBXBuildFile; fileRef = 75D7B69C1D639C4200FC9DB8 /* TradeItIosAdSdk.framework */; settings = {ATTRIBUTES = (CodeSignOnCopy, RemoveHeadersOnCopy, ); }; };
		75D7B6A91D639CA200FC9DB8 /* libTradeItIosTicketSDK.a in Frameworks */ = {isa = PBXBuildFile; fileRef = 75D7B6851D639BFD00FC9DB8 /* libTradeItIosTicketSDK.a */; };
		75D7B6B41D639DC500FC9DB8 /* libTradeItIosEmsApi.a in Frameworks */ = {isa = PBXBuildFile; fileRef = 75D7B6B11D639DB500FC9DB8 /* libTradeItIosEmsApi.a */; };
		75D7B7221D63A8E000FC9DB8 /* LocalAuthentication.framework in Frameworks */ = {isa = PBXBuildFile; fileRef = 75D7B7211D63A8E000FC9DB8 /* LocalAuthentication.framework */; };
/* End PBXBuildFile section */

/* Begin PBXContainerItemProxy section */
		75D7B6841D639BFD00FC9DB8 /* PBXContainerItemProxy */ = {
			isa = PBXContainerItemProxy;
			containerPortal = 75D7B67C1D639BFD00FC9DB8 /* TradeItIosTicketSDK.xcodeproj */;
			proxyType = 2;
			remoteGlobalIDString = A9A8CF501B4EFACB000207B9;
			remoteInfo = TradeItIosTicketSDK;
		};
		75D7B6861D639BFD00FC9DB8 /* PBXContainerItemProxy */ = {
			isa = PBXContainerItemProxy;
			containerPortal = 75D7B67C1D639BFD00FC9DB8 /* TradeItIosTicketSDK.xcodeproj */;
			proxyType = 2;
			remoteGlobalIDString = A9A8CF5B1B4EFACB000207B9;
			remoteInfo = TradeItIosTicketSDKTests;
		};
		75D7B6881D639BFD00FC9DB8 /* PBXContainerItemProxy */ = {
			isa = PBXContainerItemProxy;
			containerPortal = 75D7B67C1D639BFD00FC9DB8 /* TradeItIosTicketSDK.xcodeproj */;
			proxyType = 2;
			remoteGlobalIDString = A9A8D0C21B4F0F56000207B9;
			remoteInfo = FullViewResources;
		};
		75D7B69B1D639C4200FC9DB8 /* PBXContainerItemProxy */ = {
			isa = PBXContainerItemProxy;
			containerPortal = 75D7B6941D639C4200FC9DB8 /* TradeItIosAdSdk.xcodeproj */;
			proxyType = 2;
			remoteGlobalIDString = 7517A3971D4A945500D52880;
			remoteInfo = TradeItIosAdSdk;
		};
		75D7B69D1D639C4200FC9DB8 /* PBXContainerItemProxy */ = {
			isa = PBXContainerItemProxy;
			containerPortal = 75D7B6941D639C4200FC9DB8 /* TradeItIosAdSdk.xcodeproj */;
			proxyType = 2;
			remoteGlobalIDString = 7517A3A11D4A945500D52880;
			remoteInfo = TradeItIosAdSdkTests;
		};
		75D7B69F1D639C4200FC9DB8 /* PBXContainerItemProxy */ = {
			isa = PBXContainerItemProxy;
			containerPortal = 75D7B6941D639C4200FC9DB8 /* TradeItIosAdSdk.xcodeproj */;
			proxyType = 2;
			remoteGlobalIDString = 7519E3D81D591B6A0031DF50;
			remoteInfo = ExampleApp;
		};
		75D7B6A11D639C4200FC9DB8 /* PBXContainerItemProxy */ = {
			isa = PBXContainerItemProxy;
			containerPortal = 75D7B6941D639C4200FC9DB8 /* TradeItIosAdSdk.xcodeproj */;
			proxyType = 2;
			remoteGlobalIDString = 7519E3EB1D591B6B0031DF50;
			remoteInfo = ExampleAppUITests;
		};
		75D7B6A51D639C9800FC9DB8 /* PBXContainerItemProxy */ = {
			isa = PBXContainerItemProxy;
			containerPortal = 75D7B6941D639C4200FC9DB8 /* TradeItIosAdSdk.xcodeproj */;
			proxyType = 1;
			remoteGlobalIDString = 7517A3961D4A945500D52880;
			remoteInfo = TradeItIosAdSdk;
		};
		75D7B6B01D639DB500FC9DB8 /* PBXContainerItemProxy */ = {
			isa = PBXContainerItemProxy;
			containerPortal = 75D7B6AA1D639DB400FC9DB8 /* TradeItIosEmsApi.xcodeproj */;
			proxyType = 2;
			remoteGlobalIDString = 08CD8B851B338A7500F7E530;
			remoteInfo = TradeItIosEmsApi;
		};
		75D7B6B21D639DB500FC9DB8 /* PBXContainerItemProxy */ = {
			isa = PBXContainerItemProxy;
			containerPortal = 75D7B6AA1D639DB400FC9DB8 /* TradeItIosEmsApi.xcodeproj */;
			proxyType = 2;
			remoteGlobalIDString = 08CD8B901B338A7500F7E530;
			remoteInfo = TradeItIosEmsApiTests;
		};
/* End PBXContainerItemProxy section */

/* Begin PBXCopyFilesBuildPhase section */
		75D7B6A71D639C9800FC9DB8 /* Embed Frameworks */ = {
			isa = PBXCopyFilesBuildPhase;
			buildActionMask = 2147483647;
			dstPath = "";
			dstSubfolderSpec = 10;
			files = (
				75D7B6A41D639C9800FC9DB8 /* TradeItIosAdSdk.framework in Embed Frameworks */,
			);
			name = "Embed Frameworks";
			runOnlyForDeploymentPostprocessing = 0;
		};
/* End PBXCopyFilesBuildPhase section */

/* Begin PBXFileReference section */
		75D7B6621D639B9D00FC9DB8 /* ExampleGitSubmodule.app */ = {isa = PBXFileReference; explicitFileType = wrapper.application; includeInIndex = 0; path = ExampleGitSubmodule.app; sourceTree = BUILT_PRODUCTS_DIR; };
		75D7B6661D639B9D00FC9DB8 /* main.m */ = {isa = PBXFileReference; lastKnownFileType = sourcecode.c.objc; path = main.m; sourceTree = "<group>"; };
		75D7B6681D639B9D00FC9DB8 /* AppDelegate.h */ = {isa = PBXFileReference; lastKnownFileType = sourcecode.c.h; path = AppDelegate.h; sourceTree = "<group>"; };
		75D7B6691D639B9D00FC9DB8 /* AppDelegate.m */ = {isa = PBXFileReference; lastKnownFileType = sourcecode.c.objc; path = AppDelegate.m; sourceTree = "<group>"; };
		75D7B66B1D639B9D00FC9DB8 /* ViewController.h */ = {isa = PBXFileReference; lastKnownFileType = sourcecode.c.h; path = ViewController.h; sourceTree = "<group>"; };
		75D7B66C1D639B9D00FC9DB8 /* ViewController.m */ = {isa = PBXFileReference; lastKnownFileType = sourcecode.c.objc; path = ViewController.m; sourceTree = "<group>"; };
		75D7B66F1D639B9D00FC9DB8 /* Base */ = {isa = PBXFileReference; lastKnownFileType = file.storyboard; name = Base; path = Base.lproj/Main.storyboard; sourceTree = "<group>"; };
		75D7B6711D639B9D00FC9DB8 /* Assets.xcassets */ = {isa = PBXFileReference; lastKnownFileType = folder.assetcatalog; path = Assets.xcassets; sourceTree = "<group>"; };
		75D7B6741D639B9D00FC9DB8 /* Base */ = {isa = PBXFileReference; lastKnownFileType = file.storyboard; name = Base; path = Base.lproj/LaunchScreen.storyboard; sourceTree = "<group>"; };
		75D7B6761D639B9D00FC9DB8 /* Info.plist */ = {isa = PBXFileReference; lastKnownFileType = text.plist.xml; path = Info.plist; sourceTree = "<group>"; };
		75D7B67C1D639BFD00FC9DB8 /* TradeItIosTicketSDK.xcodeproj */ = {isa = PBXFileReference; lastKnownFileType = "wrapper.pb-project"; name = TradeItIosTicketSDK.xcodeproj; path = submodules/TradeItIosTicketSdk/TradeItIosTicketSDK.xcodeproj; sourceTree = "<group>"; };
		75D7B6941D639C4200FC9DB8 /* TradeItIosAdSdk.xcodeproj */ = {isa = PBXFileReference; lastKnownFileType = "wrapper.pb-project"; name = TradeItIosAdSdk.xcodeproj; path = submodules/TradeItIosAdSdk/TradeItIosAdSdk.xcodeproj; sourceTree = "<group>"; };
		75D7B6AA1D639DB400FC9DB8 /* TradeItIosEmsApi.xcodeproj */ = {isa = PBXFileReference; lastKnownFileType = "wrapper.pb-project"; name = TradeItIosEmsApi.xcodeproj; path = submodules/TradeItIosEmsApi/TradeItIosEmsApi.xcodeproj; sourceTree = "<group>"; };
		75D7B7211D63A8E000FC9DB8 /* LocalAuthentication.framework */ = {isa = PBXFileReference; lastKnownFileType = wrapper.framework; name = LocalAuthentication.framework; path = System/Library/Frameworks/LocalAuthentication.framework; sourceTree = SDKROOT; };
/* End PBXFileReference section */

/* Begin PBXFrameworksBuildPhase section */
		75D7B65F1D639B9D00FC9DB8 /* Frameworks */ = {
			isa = PBXFrameworksBuildPhase;
			buildActionMask = 2147483647;
			files = (
				75D7B7221D63A8E000FC9DB8 /* LocalAuthentication.framework in Frameworks */,
				75D7B6B41D639DC500FC9DB8 /* libTradeItIosEmsApi.a in Frameworks */,
				75D7B6A91D639CA200FC9DB8 /* libTradeItIosTicketSDK.a in Frameworks */,
				75D7B6A31D639C9800FC9DB8 /* TradeItIosAdSdk.framework in Frameworks */,
			);
			runOnlyForDeploymentPostprocessing = 0;
		};
/* End PBXFrameworksBuildPhase section */

/* Begin PBXGroup section */
		75D7B6591D639B9D00FC9DB8 = {
			isa = PBXGroup;
			children = (
				75D7B7211D63A8E000FC9DB8 /* LocalAuthentication.framework */,
				75D7B6AA1D639DB400FC9DB8 /* TradeItIosEmsApi.xcodeproj */,
				75D7B6941D639C4200FC9DB8 /* TradeItIosAdSdk.xcodeproj */,
				75D7B67C1D639BFD00FC9DB8 /* TradeItIosTicketSDK.xcodeproj */,
				75D7B6641D639B9D00FC9DB8 /* ExampleGitSubmodule */,
				75D7B6631D639B9D00FC9DB8 /* Products */,
			);
			sourceTree = "<group>";
		};
		75D7B6631D639B9D00FC9DB8 /* Products */ = {
			isa = PBXGroup;
			children = (
				75D7B6621D639B9D00FC9DB8 /* ExampleGitSubmodule.app */,
			);
			name = Products;
			sourceTree = "<group>";
		};
		75D7B6641D639B9D00FC9DB8 /* ExampleGitSubmodule */ = {
			isa = PBXGroup;
			children = (
				75D7B6681D639B9D00FC9DB8 /* AppDelegate.h */,
				75D7B6691D639B9D00FC9DB8 /* AppDelegate.m */,
				75D7B66B1D639B9D00FC9DB8 /* ViewController.h */,
				75D7B66C1D639B9D00FC9DB8 /* ViewController.m */,
				75D7B66E1D639B9D00FC9DB8 /* Main.storyboard */,
				75D7B6711D639B9D00FC9DB8 /* Assets.xcassets */,
				75D7B6731D639B9D00FC9DB8 /* LaunchScreen.storyboard */,
				75D7B6761D639B9D00FC9DB8 /* Info.plist */,
				75D7B6651D639B9D00FC9DB8 /* Supporting Files */,
			);
			path = ExampleGitSubmodule;
			sourceTree = "<group>";
		};
		75D7B6651D639B9D00FC9DB8 /* Supporting Files */ = {
			isa = PBXGroup;
			children = (
				75D7B6661D639B9D00FC9DB8 /* main.m */,
			);
			name = "Supporting Files";
			sourceTree = "<group>";
		};
		75D7B67D1D639BFD00FC9DB8 /* Products */ = {
			isa = PBXGroup;
			children = (
				75D7B6851D639BFD00FC9DB8 /* libTradeItIosTicketSDK.a */,
				75D7B6871D639BFD00FC9DB8 /* TradeItIosTicketSDKTests.xctest */,
				75D7B6891D639BFD00FC9DB8 /* TradeItIosTicketSDK.bundle */,
			);
			name = Products;
			sourceTree = "<group>";
		};
		75D7B6951D639C4200FC9DB8 /* Products */ = {
			isa = PBXGroup;
			children = (
				75D7B69C1D639C4200FC9DB8 /* TradeItIosAdSdk.framework */,
				75D7B69E1D639C4200FC9DB8 /* TradeItIosAdSdkTests.xctest */,
				75D7B6A01D639C4200FC9DB8 /* ExampleApp.app */,
				75D7B6A21D639C4200FC9DB8 /* ExampleAppUITests.xctest */,
			);
			name = Products;
			sourceTree = "<group>";
		};
		75D7B6AB1D639DB400FC9DB8 /* Products */ = {
			isa = PBXGroup;
			children = (
				75D7B6B11D639DB500FC9DB8 /* libTradeItIosEmsApi.a */,
				75D7B6B31D639DB500FC9DB8 /* TradeItIosEmsApiTests.xctest */,
			);
			name = Products;
			sourceTree = "<group>";
		};
/* End PBXGroup section */

/* Begin PBXNativeTarget section */
		75D7B6611D639B9D00FC9DB8 /* ExampleGitSubmodule */ = {
			isa = PBXNativeTarget;
			buildConfigurationList = 75D7B6791D639B9D00FC9DB8 /* Build configuration list for PBXNativeTarget "ExampleGitSubmodule" */;
			buildPhases = (
				75D7B65E1D639B9D00FC9DB8 /* Sources */,
				75D7B65F1D639B9D00FC9DB8 /* Frameworks */,
				75D7B6601D639B9D00FC9DB8 /* Resources */,
				75D7B6A71D639C9800FC9DB8 /* Embed Frameworks */,
			);
			buildRules = (
			);
			dependencies = (
				75D7B6A61D639C9800FC9DB8 /* PBXTargetDependency */,
			);
			name = ExampleGitSubmodule;
			productName = ExampleGitSubmodule;
			productReference = 75D7B6621D639B9D00FC9DB8 /* ExampleGitSubmodule.app */;
			productType = "com.apple.product-type.application";
		};
/* End PBXNativeTarget section */

/* Begin PBXProject section */
		75D7B65A1D639B9D00FC9DB8 /* Project object */ = {
			isa = PBXProject;
			attributes = {
				LastUpgradeCheck = 0730;
				ORGANIZATIONNAME = TradeIt;
				TargetAttributes = {
					75D7B6611D639B9D00FC9DB8 = {
						CreatedOnToolsVersion = 7.3.1;
					};
				};
			};
			buildConfigurationList = 75D7B65D1D639B9D00FC9DB8 /* Build configuration list for PBXProject "ExampleGitSubmodule" */;
			compatibilityVersion = "Xcode 3.2";
			developmentRegion = English;
			hasScannedForEncodings = 0;
			knownRegions = (
				en,
				Base,
			);
			mainGroup = 75D7B6591D639B9D00FC9DB8;
			productRefGroup = 75D7B6631D639B9D00FC9DB8 /* Products */;
			projectDirPath = "";
			projectReferences = (
				{
					ProductGroup = 75D7B6951D639C4200FC9DB8 /* Products */;
					ProjectRef = 75D7B6941D639C4200FC9DB8 /* TradeItIosAdSdk.xcodeproj */;
				},
				{
					ProductGroup = 75D7B6AB1D639DB400FC9DB8 /* Products */;
					ProjectRef = 75D7B6AA1D639DB400FC9DB8 /* TradeItIosEmsApi.xcodeproj */;
				},
				{
					ProductGroup = 75D7B67D1D639BFD00FC9DB8 /* Products */;
					ProjectRef = 75D7B67C1D639BFD00FC9DB8 /* TradeItIosTicketSDK.xcodeproj */;
				},
			);
			projectRoot = "";
			targets = (
				75D7B6611D639B9D00FC9DB8 /* ExampleGitSubmodule */,
			);
		};
/* End PBXProject section */

/* Begin PBXReferenceProxy section */
		75D7B6851D639BFD00FC9DB8 /* libTradeItIosTicketSDK.a */ = {
			isa = PBXReferenceProxy;
			fileType = archive.ar;
			path = libTradeItIosTicketSDK.a;
			remoteRef = 75D7B6841D639BFD00FC9DB8 /* PBXContainerItemProxy */;
			sourceTree = BUILT_PRODUCTS_DIR;
		};
		75D7B6871D639BFD00FC9DB8 /* TradeItIosTicketSDKTests.xctest */ = {
			isa = PBXReferenceProxy;
			fileType = wrapper.cfbundle;
			path = TradeItIosTicketSDKTests.xctest;
			remoteRef = 75D7B6861D639BFD00FC9DB8 /* PBXContainerItemProxy */;
			sourceTree = BUILT_PRODUCTS_DIR;
		};
		75D7B6891D639BFD00FC9DB8 /* TradeItIosTicketSDK.bundle */ = {
			isa = PBXReferenceProxy;
			fileType = wrapper.cfbundle;
			path = TradeItIosTicketSDK.bundle;
			remoteRef = 75D7B6881D639BFD00FC9DB8 /* PBXContainerItemProxy */;
			sourceTree = BUILT_PRODUCTS_DIR;
		};
		75D7B69C1D639C4200FC9DB8 /* TradeItIosAdSdk.framework */ = {
			isa = PBXReferenceProxy;
			fileType = wrapper.framework;
			path = TradeItIosAdSdk.framework;
			remoteRef = 75D7B69B1D639C4200FC9DB8 /* PBXContainerItemProxy */;
			sourceTree = BUILT_PRODUCTS_DIR;
		};
		75D7B69E1D639C4200FC9DB8 /* TradeItIosAdSdkTests.xctest */ = {
			isa = PBXReferenceProxy;
			fileType = wrapper.cfbundle;
			path = TradeItIosAdSdkTests.xctest;
			remoteRef = 75D7B69D1D639C4200FC9DB8 /* PBXContainerItemProxy */;
			sourceTree = BUILT_PRODUCTS_DIR;
		};
		75D7B6A01D639C4200FC9DB8 /* ExampleApp.app */ = {
			isa = PBXReferenceProxy;
			fileType = wrapper.application;
			path = ExampleApp.app;
			remoteRef = 75D7B69F1D639C4200FC9DB8 /* PBXContainerItemProxy */;
			sourceTree = BUILT_PRODUCTS_DIR;
		};
		75D7B6A21D639C4200FC9DB8 /* ExampleAppUITests.xctest */ = {
			isa = PBXReferenceProxy;
			fileType = wrapper.cfbundle;
			path = ExampleAppUITests.xctest;
			remoteRef = 75D7B6A11D639C4200FC9DB8 /* PBXContainerItemProxy */;
			sourceTree = BUILT_PRODUCTS_DIR;
		};
		75D7B6B11D639DB500FC9DB8 /* libTradeItIosEmsApi.a */ = {
			isa = PBXReferenceProxy;
			fileType = archive.ar;
			path = libTradeItIosEmsApi.a;
			remoteRef = 75D7B6B01D639DB500FC9DB8 /* PBXContainerItemProxy */;
			sourceTree = BUILT_PRODUCTS_DIR;
		};
		75D7B6B31D639DB500FC9DB8 /* TradeItIosEmsApiTests.xctest */ = {
			isa = PBXReferenceProxy;
			fileType = wrapper.cfbundle;
			path = TradeItIosEmsApiTests.xctest;
			remoteRef = 75D7B6B21D639DB500FC9DB8 /* PBXContainerItemProxy */;
			sourceTree = BUILT_PRODUCTS_DIR;
		};
/* End PBXReferenceProxy section */

/* Begin PBXResourcesBuildPhase section */
		75D7B6601D639B9D00FC9DB8 /* Resources */ = {
			isa = PBXResourcesBuildPhase;
			buildActionMask = 2147483647;
			files = (
				75D7B6751D639B9D00FC9DB8 /* LaunchScreen.storyboard in Resources */,
				75D7B6721D639B9D00FC9DB8 /* Assets.xcassets in Resources */,
				75D7B6701D639B9D00FC9DB8 /* Main.storyboard in Resources */,
			);
			runOnlyForDeploymentPostprocessing = 0;
		};
/* End PBXResourcesBuildPhase section */

/* Begin PBXSourcesBuildPhase section */
		75D7B65E1D639B9D00FC9DB8 /* Sources */ = {
			isa = PBXSourcesBuildPhase;
			buildActionMask = 2147483647;
			files = (
				75D7B66D1D639B9D00FC9DB8 /* ViewController.m in Sources */,
				75D7B66A1D639B9D00FC9DB8 /* AppDelegate.m in Sources */,
				75D7B6671D639B9D00FC9DB8 /* main.m in Sources */,
			);
			runOnlyForDeploymentPostprocessing = 0;
		};
/* End PBXSourcesBuildPhase section */

/* Begin PBXTargetDependency section */
		75D7B6A61D639C9800FC9DB8 /* PBXTargetDependency */ = {
			isa = PBXTargetDependency;
			name = TradeItIosAdSdk;
			targetProxy = 75D7B6A51D639C9800FC9DB8 /* PBXContainerItemProxy */;
		};
/* End PBXTargetDependency section */

/* Begin PBXVariantGroup section */
		75D7B66E1D639B9D00FC9DB8 /* Main.storyboard */ = {
			isa = PBXVariantGroup;
			children = (
				75D7B66F1D639B9D00FC9DB8 /* Base */,
			);
			name = Main.storyboard;
			sourceTree = "<group>";
		};
		75D7B6731D639B9D00FC9DB8 /* LaunchScreen.storyboard */ = {
			isa = PBXVariantGroup;
			children = (
				75D7B6741D639B9D00FC9DB8 /* Base */,
			);
			name = LaunchScreen.storyboard;
			sourceTree = "<group>";
		};
/* End PBXVariantGroup section */

/* Begin XCBuildConfiguration section */
		75D7B6771D639B9D00FC9DB8 /* Debug */ = {
			isa = XCBuildConfiguration;
			buildSettings = {
				ALWAYS_SEARCH_USER_PATHS = NO;
				CLANG_ANALYZER_NONNULL = YES;
				CLANG_CXX_LANGUAGE_STANDARD = "gnu++0x";
				CLANG_CXX_LIBRARY = "libc++";
				CLANG_ENABLE_MODULES = YES;
				CLANG_ENABLE_OBJC_ARC = YES;
				CLANG_WARN_BOOL_CONVERSION = YES;
				CLANG_WARN_CONSTANT_CONVERSION = YES;
				CLANG_WARN_DIRECT_OBJC_ISA_USAGE = YES_ERROR;
				CLANG_WARN_EMPTY_BODY = YES;
				CLANG_WARN_ENUM_CONVERSION = YES;
				CLANG_WARN_INT_CONVERSION = YES;
				CLANG_WARN_OBJC_ROOT_CLASS = YES_ERROR;
				CLANG_WARN_UNREACHABLE_CODE = YES;
				CLANG_WARN__DUPLICATE_METHOD_MATCH = YES;
				"CODE_SIGN_IDENTITY[sdk=iphoneos*]" = "iPhone Developer";
				COPY_PHASE_STRIP = NO;
				DEBUG_INFORMATION_FORMAT = dwarf;
				ENABLE_STRICT_OBJC_MSGSEND = YES;
				ENABLE_TESTABILITY = YES;
				GCC_C_LANGUAGE_STANDARD = gnu99;
				GCC_DYNAMIC_NO_PIC = NO;
				GCC_NO_COMMON_BLOCKS = YES;
				GCC_OPTIMIZATION_LEVEL = 0;
				GCC_PREPROCESSOR_DEFINITIONS = (
					"DEBUG=1",
					"$(inherited)",
				);
				GCC_WARN_64_TO_32_BIT_CONVERSION = YES;
				GCC_WARN_ABOUT_RETURN_TYPE = YES_ERROR;
				GCC_WARN_UNDECLARED_SELECTOR = YES;
				GCC_WARN_UNINITIALIZED_AUTOS = YES_AGGRESSIVE;
				GCC_WARN_UNUSED_FUNCTION = YES;
				GCC_WARN_UNUSED_VARIABLE = YES;
				IPHONEOS_DEPLOYMENT_TARGET = 9.3;
				MTL_ENABLE_DEBUG_INFO = YES;
				ONLY_ACTIVE_ARCH = YES;
				SDKROOT = iphoneos;
			};
			name = Debug;
		};
		75D7B6781D639B9D00FC9DB8 /* Release */ = {
			isa = XCBuildConfiguration;
			buildSettings = {
				ALWAYS_SEARCH_USER_PATHS = NO;
				CLANG_ANALYZER_NONNULL = YES;
				CLANG_CXX_LANGUAGE_STANDARD = "gnu++0x";
				CLANG_CXX_LIBRARY = "libc++";
				CLANG_ENABLE_MODULES = YES;
				CLANG_ENABLE_OBJC_ARC = YES;
				CLANG_WARN_BOOL_CONVERSION = YES;
				CLANG_WARN_CONSTANT_CONVERSION = YES;
				CLANG_WARN_DIRECT_OBJC_ISA_USAGE = YES_ERROR;
				CLANG_WARN_EMPTY_BODY = YES;
				CLANG_WARN_ENUM_CONVERSION = YES;
				CLANG_WARN_INT_CONVERSION = YES;
				CLANG_WARN_OBJC_ROOT_CLASS = YES_ERROR;
				CLANG_WARN_UNREACHABLE_CODE = YES;
				CLANG_WARN__DUPLICATE_METHOD_MATCH = YES;
				"CODE_SIGN_IDENTITY[sdk=iphoneos*]" = "iPhone Developer";
				COPY_PHASE_STRIP = NO;
				DEBUG_INFORMATION_FORMAT = "dwarf-with-dsym";
				ENABLE_NS_ASSERTIONS = NO;
				ENABLE_STRICT_OBJC_MSGSEND = YES;
				GCC_C_LANGUAGE_STANDARD = gnu99;
				GCC_NO_COMMON_BLOCKS = YES;
				GCC_WARN_64_TO_32_BIT_CONVERSION = YES;
				GCC_WARN_ABOUT_RETURN_TYPE = YES_ERROR;
				GCC_WARN_UNDECLARED_SELECTOR = YES;
				GCC_WARN_UNINITIALIZED_AUTOS = YES_AGGRESSIVE;
				GCC_WARN_UNUSED_FUNCTION = YES;
				GCC_WARN_UNUSED_VARIABLE = YES;
				IPHONEOS_DEPLOYMENT_TARGET = 9.3;
				MTL_ENABLE_DEBUG_INFO = NO;
				SDKROOT = iphoneos;
				VALIDATE_PRODUCT = YES;
			};
			name = Release;
		};
		75D7B67A1D639B9D00FC9DB8 /* Debug */ = {
			isa = XCBuildConfiguration;
			buildSettings = {
				ASSETCATALOG_COMPILER_APPICON_NAME = AppIcon;
				EMBEDDED_CONTENT_CONTAINS_SWIFT = YES;
				INFOPLIST_FILE = ExampleGitSubmodule/Info.plist;
				LD_RUNPATH_SEARCH_PATHS = "$(inherited) @executable_path/Frameworks";
				PRODUCT_BUNDLE_IDENTIFIER = TradeIt.ExampleGitSubmodule;
				PRODUCT_NAME = "$(TARGET_NAME)";
			};
			name = Debug;
		};
		75D7B67B1D639B9D00FC9DB8 /* Release */ = {
			isa = XCBuildConfiguration;
			buildSettings = {
				ASSETCATALOG_COMPILER_APPICON_NAME = AppIcon;
				EMBEDDED_CONTENT_CONTAINS_SWIFT = YES;
				INFOPLIST_FILE = ExampleGitSubmodule/Info.plist;
				LD_RUNPATH_SEARCH_PATHS = "$(inherited) @executable_path/Frameworks";
				PRODUCT_BUNDLE_IDENTIFIER = TradeIt.ExampleGitSubmodule;
				PRODUCT_NAME = "$(TARGET_NAME)";
			};
			name = Release;
		};
/* End XCBuildConfiguration section */

/* Begin XCConfigurationList section */
		75D7B65D1D639B9D00FC9DB8 /* Build configuration list for PBXProject "ExampleGitSubmodule" */ = {
			isa = XCConfigurationList;
			buildConfigurations = (
				75D7B6771D639B9D00FC9DB8 /* Debug */,
				75D7B6781D639B9D00FC9DB8 /* Release */,
			);
			defaultConfigurationIsVisible = 0;
			defaultConfigurationName = Release;
		};
		75D7B6791D639B9D00FC9DB8 /* Build configuration list for PBXNativeTarget "ExampleGitSubmodule" */ = {
			isa = XCConfigurationList;
			buildConfigurations = (
				75D7B67A1D639B9D00FC9DB8 /* Debug */,
				75D7B67B1D639B9D00FC9DB8 /* Release */,
			);
			defaultConfigurationIsVisible = 0;
		};
/* End XCConfigurationList section */
	};
	rootObject = 75D7B65A1D639B9D00FC9DB8 /* Project object */;
}
